// !$*UTF8*$!
{
	archiveVersion = 1;
	classes = {
	};
	objectVersion = 46;
	objects = {

/* Begin PBXBuildFile section */
		0212DCCACD2BFA809E66BA0F /* TripSettingModuleAssembly.m in Sources */ = {isa = PBXBuildFile; fileRef = 8E6DFBF4BAF683797B7FFA85 /* TripSettingModuleAssembly.m */; };
		09086D8CF7184C15BA058641 /* StationDetailInfoModuleInteractor.m in Sources */ = {isa = PBXBuildFile; fileRef = FD77AFFCC89AA045260A4EE6 /* StationDetailInfoModuleInteractor.m */; };
		29701B3CA33BCB5B427642CD /* TripSettingModuleViewController.m in Sources */ = {isa = PBXBuildFile; fileRef = DDE48E0E21ABF5EE0BA8980B /* TripSettingModuleViewController.m */; };
		2AC59C12590003FB8735AC06 /* StationDetailInfoModulePresenter.m in Sources */ = {isa = PBXBuildFile; fileRef = 24D823FCA6855239B8F5BE03 /* StationDetailInfoModulePresenter.m */; };
		353816726E6D238FC3C70905 /* DatePickModuleRouter.m in Sources */ = {isa = PBXBuildFile; fileRef = 65284BCD95200221ED6925C5 /* DatePickModuleRouter.m */; };
		37DC19D6F7030A05DE20C35A /* StationDetailInfoModuleRouter.m in Sources */ = {isa = PBXBuildFile; fileRef = F00E6B9A50A8AFE3592CC710 /* StationDetailInfoModuleRouter.m */; };
		3F330CF4F8B53DE31E595D73 /* StationsListModuleViewController.m in Sources */ = {isa = PBXBuildFile; fileRef = 04F71148D7D641D17D4BC4B9 /* StationsListModuleViewController.m */; };
		4B7EB5D53844C9ABA955A6C6 /* TripSettingModuleInteractor.m in Sources */ = {isa = PBXBuildFile; fileRef = 5BC650FB0E5B6157BB921156 /* TripSettingModuleInteractor.m */; };
		4DE1E458807754A37A453583 /* StationsListModuleAssembly.m in Sources */ = {isa = PBXBuildFile; fileRef = 8544179E9D522B45280ABB23 /* StationsListModuleAssembly.m */; };
		58C51912F85E3B37A5865A98 /* StationsListModulePresenter.m in Sources */ = {isa = PBXBuildFile; fileRef = E26310D8817245041CB5DDE4 /* StationsListModulePresenter.m */; };
		5C334E931DBBE8B4000C6B8B /* main.m in Sources */ = {isa = PBXBuildFile; fileRef = 5C334E921DBBE8B4000C6B8B /* main.m */; };
		5C334E961DBBE8B4000C6B8B /* AppDelegate.m in Sources */ = {isa = PBXBuildFile; fileRef = 5C334E951DBBE8B4000C6B8B /* AppDelegate.m */; };
		5C334E9C1DBBE8B4000C6B8B /* Main.storyboard in Resources */ = {isa = PBXBuildFile; fileRef = 5C334E9A1DBBE8B4000C6B8B /* Main.storyboard */; };
		5C334E9E1DBBE8B4000C6B8B /* Assets.xcassets in Resources */ = {isa = PBXBuildFile; fileRef = 5C334E9D1DBBE8B4000C6B8B /* Assets.xcassets */; };
		5C334EA11DBBE8B4000C6B8B /* LaunchScreen.storyboard in Resources */ = {isa = PBXBuildFile; fileRef = 5C334E9F1DBBE8B4000C6B8B /* LaunchScreen.storyboard */; };
		5C334EAC1DBBEC51000C6B8B /* EITabBarController.m in Sources */ = {isa = PBXBuildFile; fileRef = 5C334EAB1DBBEC51000C6B8B /* EITabBarController.m */; };
		5C334EB21DBBED72000C6B8B /* EIStationCell.m in Sources */ = {isa = PBXBuildFile; fileRef = 5C334EB01DBBED72000C6B8B /* EIStationCell.m */; };
		5C334EB31DBBED72000C6B8B /* EIStationCell.xib in Resources */ = {isa = PBXBuildFile; fileRef = 5C334EB11DBBED72000C6B8B /* EIStationCell.xib */; };
		5C334EB71DBBF510000C6B8B /* EIStationsDisplayData.m in Sources */ = {isa = PBXBuildFile; fileRef = 5C334EB61DBBF510000C6B8B /* EIStationsDisplayData.m */; };
		5C334EBA1DBBF653000C6B8B /* EIStationsSection.m in Sources */ = {isa = PBXBuildFile; fileRef = 5C334EB91DBBF653000C6B8B /* EIStationsSection.m */; };
		5C334EBD1DBBF802000C6B8B /* EIStationItem.m in Sources */ = {isa = PBXBuildFile; fileRef = 5C334EBC1DBBF802000C6B8B /* EIStationItem.m */; };
		5C334EC21DBBFC79000C6B8B /* Stations.storyboard in Resources */ = {isa = PBXBuildFile; fileRef = 5C334EC11DBBFC79000C6B8B /* Stations.storyboard */; };
		5C334ED01DBCDE7D000C6B8B /* EIStationsListPresenterStateStorage.m in Sources */ = {isa = PBXBuildFile; fileRef = 5C334ECF1DBCDE7D000C6B8B /* EIStationsListPresenterStateStorage.m */; };
		5C334ED31DBCE34C000C6B8B /* EIStationListDataManager.m in Sources */ = {isa = PBXBuildFile; fileRef = 5C334ED21DBCE34C000C6B8B /* EIStationListDataManager.m */; };
		5C334ED71DBCE535000C6B8B /* EIStation.m in Sources */ = {isa = PBXBuildFile; fileRef = 5C334ED61DBCE535000C6B8B /* EIStation.m */; };
		5C334EDA1DBCE552000C6B8B /* EIBaseModel.m in Sources */ = {isa = PBXBuildFile; fileRef = 5C334ED91DBCE552000C6B8B /* EIBaseModel.m */; };
		5C334EDD1DBCE593000C6B8B /* EICity.m in Sources */ = {isa = PBXBuildFile; fileRef = 5C334EDC1DBCE593000C6B8B /* EICity.m */; };
		5C334EE01DBCE5B8000C6B8B /* EIPoint.m in Sources */ = {isa = PBXBuildFile; fileRef = 5C334EDF1DBCE5B8000C6B8B /* EIPoint.m */; };
		5C334EE31DBCE68F000C6B8B /* EIObjectMapper.m in Sources */ = {isa = PBXBuildFile; fileRef = 5C334EE21DBCE68F000C6B8B /* EIObjectMapper.m */; };
		5C334EEB1DBD05FA000C6B8B /* allStations.json in Resources */ = {isa = PBXBuildFile; fileRef = 5C334EEA1DBD05FA000C6B8B /* allStations.json */; };
		5C334EF21DBD1DE2000C6B8B /* UIView+UITableViewCell.m in Sources */ = {isa = PBXBuildFile; fileRef = 5C334EF11DBD1DE2000C6B8B /* UIView+UITableViewCell.m */; };
		5C334EF51DBD2151000C6B8B /* DetailInfo.storyboard in Resources */ = {isa = PBXBuildFile; fileRef = 5C334EF41DBD2151000C6B8B /* DetailInfo.storyboard */; };
		5C334EF91DBD2324000C6B8B /* EIDetailInfoPresenterStateStorage.m in Sources */ = {isa = PBXBuildFile; fileRef = 5C334EF81DBD2324000C6B8B /* EIDetailInfoPresenterStateStorage.m */; };
		5C334F001DBD244B000C6B8B /* EIStationDetailItem.m in Sources */ = {isa = PBXBuildFile; fileRef = 5C334EFF1DBD244B000C6B8B /* EIStationDetailItem.m */; };
		5C334F031DBD5057000C6B8B /* TripSettings.storyboard in Resources */ = {isa = PBXBuildFile; fileRef = 5C334F021DBD5057000C6B8B /* TripSettings.storyboard */; };
		5C714B011DBEA10A00C85060 /* TripSettingPresenterStateStorage.m in Sources */ = {isa = PBXBuildFile; fileRef = 5C714B001DBEA10A00C85060 /* TripSettingPresenterStateStorage.m */; };
		5C9CF5711DBE62DC006799D6 /* EITripItem.m in Sources */ = {isa = PBXBuildFile; fileRef = 5C9CF5701DBE62DC006799D6 /* EITripItem.m */; };
		5CE9705C1DBF461400838F00 /* DatePick.storyboard in Resources */ = {isa = PBXBuildFile; fileRef = 5CE9705B1DBF461400838F00 /* DatePick.storyboard */; };
		5CE970601DBF491200838F00 /* EIDatePickPresenterStateStorage.m in Sources */ = {isa = PBXBuildFile; fileRef = 5CE9705F1DBF491200838F00 /* EIDatePickPresenterStateStorage.m */; };
		5F414D747C7DC6874A8E39EB /* DatePickModuleViewController.m in Sources */ = {isa = PBXBuildFile; fileRef = F1161851292CA3DA6AF096DA /* DatePickModuleViewController.m */; };
		6E8D12327C3CB7EDBC53F949 /* DatePickModuleAssembly.m in Sources */ = {isa = PBXBuildFile; fileRef = F85CB7434D3CB02A5B9C794B /* DatePickModuleAssembly.m */; };
		7665CA34A8EF8F2FD1B3326E /* TripSettingModulePresenter.m in Sources */ = {isa = PBXBuildFile; fileRef = B7132392DF26CF6E404A8EB6 /* TripSettingModulePresenter.m */; };
		77CE6C9DFCC3E5905CE71F68 /* DatePickModulePresenter.m in Sources */ = {isa = PBXBuildFile; fileRef = E115396BE79841778BE83F70 /* DatePickModulePresenter.m */; };
		789F0784EC5464E9E9179C45 /* StationDetailInfoModuleAssembly.m in Sources */ = {isa = PBXBuildFile; fileRef = 808614B495340FAB89093787 /* StationDetailInfoModuleAssembly.m */; };
		9E23CAE2AE46885E22E1C532 /* StationsListModuleInteractor.m in Sources */ = {isa = PBXBuildFile; fileRef = 635F56E52F7AD07B0A75F316 /* StationsListModuleInteractor.m */; };
		B51CE88EA72C7BDC3A9B49C3 /* TripSettingModuleRouter.m in Sources */ = {isa = PBXBuildFile; fileRef = 27F232F5206CEA8BF1E44D06 /* TripSettingModuleRouter.m */; };
		C46D02D215C4EE1AB8CCB9A3 /* StationsListModuleRouter.m in Sources */ = {isa = PBXBuildFile; fileRef = 6DA45F713AEFEF111A45B1E8 /* StationsListModuleRouter.m */; };
		C4C4F963614BC8C2F7E6AFBD /* DatePickModuleInteractor.m in Sources */ = {isa = PBXBuildFile; fileRef = B3B4992C6EDC5651BE496D9F /* DatePickModuleInteractor.m */; };
		F4ED42A80224F4AA6E44D375 /* libPods-tutu.a in Frameworks */ = {isa = PBXBuildFile; fileRef = 7BA227E5284DBEFD9128F3CE /* libPods-tutu.a */; };
		F84F4EB8E16C8D26A6C686D3 /* StationDetailInfoModuleViewController.m in Sources */ = {isa = PBXBuildFile; fileRef = 47DF1FC462C895429342EAB3 /* StationDetailInfoModuleViewController.m */; };
/* End PBXBuildFile section */

/* Begin PBXFileReference section */
		028237AEECD5E09792569AEB /* DatePickModuleRouterInput.h */ = {isa = PBXFileReference; includeInIndex = 1; lastKnownFileType = sourcecode.c.h; path = DatePickModuleRouterInput.h; sourceTree = "<group>"; };
		041E3B67865F3D9DFB0E21D3 /* DatePickModuleRouter.h */ = {isa = PBXFileReference; includeInIndex = 1; lastKnownFileType = sourcecode.c.h; path = DatePickModuleRouter.h; sourceTree = "<group>"; };
		04F71148D7D641D17D4BC4B9 /* StationsListModuleViewController.m */ = {isa = PBXFileReference; includeInIndex = 1; lastKnownFileType = sourcecode.c.objc; path = StationsListModuleViewController.m; sourceTree = "<group>"; };
		1093B58803108880FF368063 /* Pods-tutu.release.xcconfig */ = {isa = PBXFileReference; includeInIndex = 1; lastKnownFileType = text.xcconfig; name = "Pods-tutu.release.xcconfig"; path = "Pods/Target Support Files/Pods-tutu/Pods-tutu.release.xcconfig"; sourceTree = "<group>"; };
		11FC117C0E603FDA5D034D03 /* DatePickModuleInteractor.h */ = {isa = PBXFileReference; includeInIndex = 1; lastKnownFileType = sourcecode.c.h; path = DatePickModuleInteractor.h; sourceTree = "<group>"; };
		1949A19FF40D48CAD7E76962 /* StationsListModuleModuleInput.h */ = {isa = PBXFileReference; includeInIndex = 1; lastKnownFileType = sourcecode.c.h; path = StationsListModuleModuleInput.h; sourceTree = "<group>"; };
		1C38F10F8525A31F20B4E625 /* DatePickModuleInteractorOutput.h */ = {isa = PBXFileReference; includeInIndex = 1; lastKnownFileType = sourcecode.c.h; path = DatePickModuleInteractorOutput.h; sourceTree = "<group>"; };
		1C7F649C123D762D65394AF8 /* DatePickModuleAssembly.h */ = {isa = PBXFileReference; includeInIndex = 1; lastKnownFileType = sourcecode.c.h; path = DatePickModuleAssembly.h; sourceTree = "<group>"; };
		2053B32963FD8FD6D6188A0A /* DatePickModuleViewInput.h */ = {isa = PBXFileReference; includeInIndex = 1; lastKnownFileType = sourcecode.c.h; path = DatePickModuleViewInput.h; sourceTree = "<group>"; };
		20AD3D3DE2901B11A213C276 /* StationDetailInfoModuleViewOutput.h */ = {isa = PBXFileReference; includeInIndex = 1; lastKnownFileType = sourcecode.c.h; path = StationDetailInfoModuleViewOutput.h; sourceTree = "<group>"; };
		24D823FCA6855239B8F5BE03 /* StationDetailInfoModulePresenter.m */ = {isa = PBXFileReference; includeInIndex = 1; lastKnownFileType = sourcecode.c.objc; path = StationDetailInfoModulePresenter.m; sourceTree = "<group>"; };
		27F232F5206CEA8BF1E44D06 /* TripSettingModuleRouter.m */ = {isa = PBXFileReference; includeInIndex = 1; lastKnownFileType = sourcecode.c.objc; path = TripSettingModuleRouter.m; sourceTree = "<group>"; };
		2C09868BC8175625FE20CFF2 /* StationsListModulePresenter.h */ = {isa = PBXFileReference; includeInIndex = 1; lastKnownFileType = sourcecode.c.h; path = StationsListModulePresenter.h; sourceTree = "<group>"; };
		2D88282CB40803B96EFFB475 /* StationsListModuleRouterInput.h */ = {isa = PBXFileReference; includeInIndex = 1; lastKnownFileType = sourcecode.c.h; path = StationsListModuleRouterInput.h; sourceTree = "<group>"; };
		37F8FED4456D2CB6E53B91B3 /* StationDetailInfoModuleAssembly.h */ = {isa = PBXFileReference; includeInIndex = 1; lastKnownFileType = sourcecode.c.h; path = StationDetailInfoModuleAssembly.h; sourceTree = "<group>"; };
		38D1D87286A98437C94B874A /* TripSettingModuleRouterInput.h */ = {isa = PBXFileReference; includeInIndex = 1; lastKnownFileType = sourcecode.c.h; path = TripSettingModuleRouterInput.h; sourceTree = "<group>"; };
		3E12FC3B8BECDFE0CF987D9D /* DatePickModuleViewOutput.h */ = {isa = PBXFileReference; includeInIndex = 1; lastKnownFileType = sourcecode.c.h; path = DatePickModuleViewOutput.h; sourceTree = "<group>"; };
		4454598FB9EFB97419BF3161 /* TripSettingModuleInteractorInput.h */ = {isa = PBXFileReference; includeInIndex = 1; lastKnownFileType = sourcecode.c.h; path = TripSettingModuleInteractorInput.h; sourceTree = "<group>"; };
		47DF1FC462C895429342EAB3 /* StationDetailInfoModuleViewController.m */ = {isa = PBXFileReference; includeInIndex = 1; lastKnownFileType = sourcecode.c.objc; path = StationDetailInfoModuleViewController.m; sourceTree = "<group>"; };
		4F9E85681806062481E29B25 /* StationDetailInfoModuleViewController.h */ = {isa = PBXFileReference; includeInIndex = 1; lastKnownFileType = sourcecode.c.h; path = StationDetailInfoModuleViewController.h; sourceTree = "<group>"; };
		50103252A19F9F9A86997FEF /* Pods-tutu.debug.xcconfig */ = {isa = PBXFileReference; includeInIndex = 1; lastKnownFileType = text.xcconfig; name = "Pods-tutu.debug.xcconfig"; path = "Pods/Target Support Files/Pods-tutu/Pods-tutu.debug.xcconfig"; sourceTree = "<group>"; };
		544984500D93DA105EEF12AD /* StationsListModuleViewOutput.h */ = {isa = PBXFileReference; includeInIndex = 1; lastKnownFileType = sourcecode.c.h; path = StationsListModuleViewOutput.h; sourceTree = "<group>"; };
		5AF5AC02B3B571260B5FC0F6 /* DatePickModulePresenter.h */ = {isa = PBXFileReference; includeInIndex = 1; lastKnownFileType = sourcecode.c.h; path = DatePickModulePresenter.h; sourceTree = "<group>"; };
		5BC650FB0E5B6157BB921156 /* TripSettingModuleInteractor.m */ = {isa = PBXFileReference; includeInIndex = 1; lastKnownFileType = sourcecode.c.objc; path = TripSettingModuleInteractor.m; sourceTree = "<group>"; };
		5C334E8E1DBBE8B4000C6B8B /* tutu.app */ = {isa = PBXFileReference; explicitFileType = wrapper.application; includeInIndex = 0; path = tutu.app; sourceTree = BUILT_PRODUCTS_DIR; };
		5C334E921DBBE8B4000C6B8B /* main.m */ = {isa = PBXFileReference; lastKnownFileType = sourcecode.c.objc; path = main.m; sourceTree = "<group>"; };
		5C334E941DBBE8B4000C6B8B /* AppDelegate.h */ = {isa = PBXFileReference; lastKnownFileType = sourcecode.c.h; path = AppDelegate.h; sourceTree = "<group>"; };
		5C334E951DBBE8B4000C6B8B /* AppDelegate.m */ = {isa = PBXFileReference; lastKnownFileType = sourcecode.c.objc; path = AppDelegate.m; sourceTree = "<group>"; };
		5C334E9B1DBBE8B4000C6B8B /* Base */ = {isa = PBXFileReference; lastKnownFileType = file.storyboard; name = Base; path = Base.lproj/Main.storyboard; sourceTree = "<group>"; };
		5C334E9D1DBBE8B4000C6B8B /* Assets.xcassets */ = {isa = PBXFileReference; lastKnownFileType = folder.assetcatalog; path = Assets.xcassets; sourceTree = "<group>"; };
		5C334EA01DBBE8B4000C6B8B /* Base */ = {isa = PBXFileReference; lastKnownFileType = file.storyboard; name = Base; path = Base.lproj/LaunchScreen.storyboard; sourceTree = "<group>"; };
		5C334EA21DBBE8B4000C6B8B /* Info.plist */ = {isa = PBXFileReference; lastKnownFileType = text.plist.xml; path = Info.plist; sourceTree = "<group>"; };
		5C334EAA1DBBEC51000C6B8B /* EITabBarController.h */ = {isa = PBXFileReference; fileEncoding = 4; lastKnownFileType = sourcecode.c.h; path = EITabBarController.h; sourceTree = "<group>"; };
		5C334EAB1DBBEC51000C6B8B /* EITabBarController.m */ = {isa = PBXFileReference; fileEncoding = 4; lastKnownFileType = sourcecode.c.objc; path = EITabBarController.m; sourceTree = "<group>"; };
		5C334EAF1DBBED72000C6B8B /* EIStationCell.h */ = {isa = PBXFileReference; fileEncoding = 4; lastKnownFileType = sourcecode.c.h; path = EIStationCell.h; sourceTree = "<group>"; };
		5C334EB01DBBED72000C6B8B /* EIStationCell.m */ = {isa = PBXFileReference; fileEncoding = 4; lastKnownFileType = sourcecode.c.objc; path = EIStationCell.m; sourceTree = "<group>"; };
		5C334EB11DBBED72000C6B8B /* EIStationCell.xib */ = {isa = PBXFileReference; fileEncoding = 4; lastKnownFileType = file.xib; path = EIStationCell.xib; sourceTree = "<group>"; };
		5C334EB51DBBF510000C6B8B /* EIStationsDisplayData.h */ = {isa = PBXFileReference; fileEncoding = 4; lastKnownFileType = sourcecode.c.h; path = EIStationsDisplayData.h; sourceTree = "<group>"; };
		5C334EB61DBBF510000C6B8B /* EIStationsDisplayData.m */ = {isa = PBXFileReference; fileEncoding = 4; lastKnownFileType = sourcecode.c.objc; path = EIStationsDisplayData.m; sourceTree = "<group>"; };
		5C334EB81DBBF653000C6B8B /* EIStationsSection.h */ = {isa = PBXFileReference; fileEncoding = 4; lastKnownFileType = sourcecode.c.h; path = EIStationsSection.h; sourceTree = "<group>"; };
		5C334EB91DBBF653000C6B8B /* EIStationsSection.m */ = {isa = PBXFileReference; fileEncoding = 4; lastKnownFileType = sourcecode.c.objc; path = EIStationsSection.m; sourceTree = "<group>"; };
		5C334EBB1DBBF802000C6B8B /* EIStationItem.h */ = {isa = PBXFileReference; fileEncoding = 4; lastKnownFileType = sourcecode.c.h; path = EIStationItem.h; sourceTree = "<group>"; };
		5C334EBC1DBBF802000C6B8B /* EIStationItem.m */ = {isa = PBXFileReference; fileEncoding = 4; lastKnownFileType = sourcecode.c.objc; path = EIStationItem.m; sourceTree = "<group>"; };
		5C334EC11DBBFC79000C6B8B /* Stations.storyboard */ = {isa = PBXFileReference; fileEncoding = 4; lastKnownFileType = file.storyboard; path = Stations.storyboard; sourceTree = "<group>"; };
		5C334ECE1DBCDE7D000C6B8B /* EIStationsListPresenterStateStorage.h */ = {isa = PBXFileReference; fileEncoding = 4; lastKnownFileType = sourcecode.c.h; path = EIStationsListPresenterStateStorage.h; sourceTree = "<group>"; };
		5C334ECF1DBCDE7D000C6B8B /* EIStationsListPresenterStateStorage.m */ = {isa = PBXFileReference; fileEncoding = 4; lastKnownFileType = sourcecode.c.objc; path = EIStationsListPresenterStateStorage.m; sourceTree = "<group>"; };
		5C334ED11DBCE34C000C6B8B /* EIStationListDataManager.h */ = {isa = PBXFileReference; fileEncoding = 4; lastKnownFileType = sourcecode.c.h; path = EIStationListDataManager.h; sourceTree = "<group>"; };
		5C334ED21DBCE34C000C6B8B /* EIStationListDataManager.m */ = {isa = PBXFileReference; fileEncoding = 4; lastKnownFileType = sourcecode.c.objc; path = EIStationListDataManager.m; sourceTree = "<group>"; };
		5C334ED51DBCE535000C6B8B /* EIStation.h */ = {isa = PBXFileReference; fileEncoding = 4; lastKnownFileType = sourcecode.c.h; path = EIStation.h; sourceTree = "<group>"; };
		5C334ED61DBCE535000C6B8B /* EIStation.m */ = {isa = PBXFileReference; fileEncoding = 4; lastKnownFileType = sourcecode.c.objc; path = EIStation.m; sourceTree = "<group>"; };
		5C334ED81DBCE552000C6B8B /* EIBaseModel.h */ = {isa = PBXFileReference; fileEncoding = 4; lastKnownFileType = sourcecode.c.h; path = EIBaseModel.h; sourceTree = "<group>"; };
		5C334ED91DBCE552000C6B8B /* EIBaseModel.m */ = {isa = PBXFileReference; fileEncoding = 4; lastKnownFileType = sourcecode.c.objc; path = EIBaseModel.m; sourceTree = "<group>"; };
		5C334EDB1DBCE593000C6B8B /* EICity.h */ = {isa = PBXFileReference; fileEncoding = 4; lastKnownFileType = sourcecode.c.h; path = EICity.h; sourceTree = "<group>"; };
		5C334EDC1DBCE593000C6B8B /* EICity.m */ = {isa = PBXFileReference; fileEncoding = 4; lastKnownFileType = sourcecode.c.objc; path = EICity.m; sourceTree = "<group>"; };
		5C334EDE1DBCE5B8000C6B8B /* EIPoint.h */ = {isa = PBXFileReference; fileEncoding = 4; lastKnownFileType = sourcecode.c.h; path = EIPoint.h; sourceTree = "<group>"; };
		5C334EDF1DBCE5B8000C6B8B /* EIPoint.m */ = {isa = PBXFileReference; fileEncoding = 4; lastKnownFileType = sourcecode.c.objc; path = EIPoint.m; sourceTree = "<group>"; };
		5C334EE11DBCE68F000C6B8B /* EIObjectMapper.h */ = {isa = PBXFileReference; fileEncoding = 4; lastKnownFileType = sourcecode.c.h; path = EIObjectMapper.h; sourceTree = "<group>"; };
		5C334EE21DBCE68F000C6B8B /* EIObjectMapper.m */ = {isa = PBXFileReference; fileEncoding = 4; lastKnownFileType = sourcecode.c.objc; path = EIObjectMapper.m; sourceTree = "<group>"; };
		5C334EEA1DBD05FA000C6B8B /* allStations.json */ = {isa = PBXFileReference; fileEncoding = 4; lastKnownFileType = text.json; path = allStations.json; sourceTree = "<group>"; };
		5C334EF01DBD1DE2000C6B8B /* UIView+UITableViewCell.h */ = {isa = PBXFileReference; fileEncoding = 4; lastKnownFileType = sourcecode.c.h; path = "UIView+UITableViewCell.h"; sourceTree = "<group>"; };
		5C334EF11DBD1DE2000C6B8B /* UIView+UITableViewCell.m */ = {isa = PBXFileReference; fileEncoding = 4; lastKnownFileType = sourcecode.c.objc; path = "UIView+UITableViewCell.m"; sourceTree = "<group>"; };
		5C334EF41DBD2151000C6B8B /* DetailInfo.storyboard */ = {isa = PBXFileReference; fileEncoding = 4; lastKnownFileType = file.storyboard; path = DetailInfo.storyboard; sourceTree = "<group>"; };
		5C334EF71DBD2324000C6B8B /* EIDetailInfoPresenterStateStorage.h */ = {isa = PBXFileReference; fileEncoding = 4; lastKnownFileType = sourcecode.c.h; path = EIDetailInfoPresenterStateStorage.h; sourceTree = "<group>"; };
		5C334EF81DBD2324000C6B8B /* EIDetailInfoPresenterStateStorage.m */ = {isa = PBXFileReference; fileEncoding = 4; lastKnownFileType = sourcecode.c.objc; path = EIDetailInfoPresenterStateStorage.m; sourceTree = "<group>"; };
		5C334EFE1DBD244B000C6B8B /* EIStationDetailItem.h */ = {isa = PBXFileReference; fileEncoding = 4; lastKnownFileType = sourcecode.c.h; path = EIStationDetailItem.h; sourceTree = "<group>"; };
		5C334EFF1DBD244B000C6B8B /* EIStationDetailItem.m */ = {isa = PBXFileReference; fileEncoding = 4; lastKnownFileType = sourcecode.c.objc; path = EIStationDetailItem.m; sourceTree = "<group>"; };
		5C334F021DBD5057000C6B8B /* TripSettings.storyboard */ = {isa = PBXFileReference; fileEncoding = 4; lastKnownFileType = file.storyboard; path = TripSettings.storyboard; sourceTree = "<group>"; };
		5C714AFD1DBE98A400C85060 /* StationsListModuleModuleOutput.h */ = {isa = PBXFileReference; fileEncoding = 4; lastKnownFileType = sourcecode.c.h; path = StationsListModuleModuleOutput.h; sourceTree = "<group>"; };
		5C714AFF1DBEA10A00C85060 /* TripSettingPresenterStateStorage.h */ = {isa = PBXFileReference; fileEncoding = 4; lastKnownFileType = sourcecode.c.h; path = TripSettingPresenterStateStorage.h; sourceTree = "<group>"; };
		5C714B001DBEA10A00C85060 /* TripSettingPresenterStateStorage.m */ = {isa = PBXFileReference; fileEncoding = 4; lastKnownFileType = sourcecode.c.objc; path = TripSettingPresenterStateStorage.m; sourceTree = "<group>"; };
		5C9CF56F1DBE62DC006799D6 /* EITripItem.h */ = {isa = PBXFileReference; fileEncoding = 4; lastKnownFileType = sourcecode.c.h; path = EITripItem.h; sourceTree = "<group>"; };
		5C9CF5701DBE62DC006799D6 /* EITripItem.m */ = {isa = PBXFileReference; fileEncoding = 4; lastKnownFileType = sourcecode.c.objc; path = EITripItem.m; sourceTree = "<group>"; };
		5CE9705B1DBF461400838F00 /* DatePick.storyboard */ = {isa = PBXFileReference; fileEncoding = 4; lastKnownFileType = file.storyboard; path = DatePick.storyboard; sourceTree = "<group>"; };
		5CE9705E1DBF491200838F00 /* EIDatePickPresenterStateStorage.h */ = {isa = PBXFileReference; fileEncoding = 4; lastKnownFileType = sourcecode.c.h; path = EIDatePickPresenterStateStorage.h; sourceTree = "<group>"; };
		5CE9705F1DBF491200838F00 /* EIDatePickPresenterStateStorage.m */ = {isa = PBXFileReference; fileEncoding = 4; lastKnownFileType = sourcecode.c.objc; path = EIDatePickPresenterStateStorage.m; sourceTree = "<group>"; };
		5CE970611DBF4C7E00838F00 /* DatePickModuleModuleOutput.h */ = {isa = PBXFileReference; fileEncoding = 4; lastKnownFileType = sourcecode.c.h; path = DatePickModuleModuleOutput.h; sourceTree = "<group>"; };
		5E9CE7DEB112E5674D61E565 /* StationsListModuleInteractorOutput.h */ = {isa = PBXFileReference; includeInIndex = 1; lastKnownFileType = sourcecode.c.h; path = StationsListModuleInteractorOutput.h; sourceTree = "<group>"; };
		60730E3BD51FD143AEF27615 /* TripSettingModuleViewOutput.h */ = {isa = PBXFileReference; includeInIndex = 1; lastKnownFileType = sourcecode.c.h; path = TripSettingModuleViewOutput.h; sourceTree = "<group>"; };
		635F56E52F7AD07B0A75F316 /* StationsListModuleInteractor.m */ = {isa = PBXFileReference; includeInIndex = 1; lastKnownFileType = sourcecode.c.objc; path = StationsListModuleInteractor.m; sourceTree = "<group>"; };
		65284BCD95200221ED6925C5 /* DatePickModuleRouter.m */ = {isa = PBXFileReference; includeInIndex = 1; lastKnownFileType = sourcecode.c.objc; path = DatePickModuleRouter.m; sourceTree = "<group>"; };
		66A251214C6135D3A2119C50 /* StationsListModuleInteractorInput.h */ = {isa = PBXFileReference; includeInIndex = 1; lastKnownFileType = sourcecode.c.h; path = StationsListModuleInteractorInput.h; sourceTree = "<group>"; };
		68D8263EAA43CA49927C2348 /* StationsListModuleInteractor.h */ = {isa = PBXFileReference; includeInIndex = 1; lastKnownFileType = sourcecode.c.h; path = StationsListModuleInteractor.h; sourceTree = "<group>"; };
		6B383707B3022AE624B1DBD9 /* StationDetailInfoModulePresenter.h */ = {isa = PBXFileReference; includeInIndex = 1; lastKnownFileType = sourcecode.c.h; path = StationDetailInfoModulePresenter.h; sourceTree = "<group>"; };
		6B67CBC8F8E930E2066D620A /* TripSettingModuleInteractor.h */ = {isa = PBXFileReference; includeInIndex = 1; lastKnownFileType = sourcecode.c.h; path = TripSettingModuleInteractor.h; sourceTree = "<group>"; };
		6DA45F713AEFEF111A45B1E8 /* StationsListModuleRouter.m */ = {isa = PBXFileReference; includeInIndex = 1; lastKnownFileType = sourcecode.c.objc; path = StationsListModuleRouter.m; sourceTree = "<group>"; };
		75B5CC04B721FE5D324D70B4 /* StationsListModuleViewInput.h */ = {isa = PBXFileReference; includeInIndex = 1; lastKnownFileType = sourcecode.c.h; path = StationsListModuleViewInput.h; sourceTree = "<group>"; };
		7B51CD110770EF00AD3A37CC /* StationDetailInfoModuleRouterInput.h */ = {isa = PBXFileReference; includeInIndex = 1; lastKnownFileType = sourcecode.c.h; path = StationDetailInfoModuleRouterInput.h; sourceTree = "<group>"; };
		7BA227E5284DBEFD9128F3CE /* libPods-tutu.a */ = {isa = PBXFileReference; explicitFileType = archive.ar; includeInIndex = 0; path = "libPods-tutu.a"; sourceTree = BUILT_PRODUCTS_DIR; };
		7E8AF3D7FFA35B0D8711B6FB /* TripSettingModulePresenter.h */ = {isa = PBXFileReference; includeInIndex = 1; lastKnownFileType = sourcecode.c.h; path = TripSettingModulePresenter.h; sourceTree = "<group>"; };
		808614B495340FAB89093787 /* StationDetailInfoModuleAssembly.m */ = {isa = PBXFileReference; includeInIndex = 1; lastKnownFileType = sourcecode.c.objc; path = StationDetailInfoModuleAssembly.m; sourceTree = "<group>"; };
		8544179E9D522B45280ABB23 /* StationsListModuleAssembly.m */ = {isa = PBXFileReference; includeInIndex = 1; lastKnownFileType = sourcecode.c.objc; path = StationsListModuleAssembly.m; sourceTree = "<group>"; };
		87837E2ED11458261B7D4D72 /* TripSettingModuleViewInput.h */ = {isa = PBXFileReference; includeInIndex = 1; lastKnownFileType = sourcecode.c.h; path = TripSettingModuleViewInput.h; sourceTree = "<group>"; };
		8A004BFE5E1DC080502151B9 /* StationDetailInfoModuleInteractorInput.h */ = {isa = PBXFileReference; includeInIndex = 1; lastKnownFileType = sourcecode.c.h; path = StationDetailInfoModuleInteractorInput.h; sourceTree = "<group>"; };
		8C6D8E76D8E59F68F170A75E /* StationDetailInfoModuleViewInput.h */ = {isa = PBXFileReference; includeInIndex = 1; lastKnownFileType = sourcecode.c.h; path = StationDetailInfoModuleViewInput.h; sourceTree = "<group>"; };
		8E6DFBF4BAF683797B7FFA85 /* TripSettingModuleAssembly.m */ = {isa = PBXFileReference; includeInIndex = 1; lastKnownFileType = sourcecode.c.objc; path = TripSettingModuleAssembly.m; sourceTree = "<group>"; };
		96C3BBA1F8EFFDC94C3275FD /* StationDetailInfoModuleRouter.h */ = {isa = PBXFileReference; includeInIndex = 1; lastKnownFileType = sourcecode.c.h; path = StationDetailInfoModuleRouter.h; sourceTree = "<group>"; };
		996C53835E3C6125E35318CD /* StationDetailInfoModuleModuleInput.h */ = {isa = PBXFileReference; includeInIndex = 1; lastKnownFileType = sourcecode.c.h; path = StationDetailInfoModuleModuleInput.h; sourceTree = "<group>"; };
		A058BFD585B2B1F8B5CB27D1 /* TripSettingModuleAssembly.h */ = {isa = PBXFileReference; includeInIndex = 1; lastKnownFileType = sourcecode.c.h; path = TripSettingModuleAssembly.h; sourceTree = "<group>"; };
		A30527114C547E25B54DA863 /* StationDetailInfoModuleInteractor.h */ = {isa = PBXFileReference; includeInIndex = 1; lastKnownFileType = sourcecode.c.h; path = StationDetailInfoModuleInteractor.h; sourceTree = "<group>"; };
		A8AB19CF2B9F8A13032D66E5 /* StationsListModuleViewController.h */ = {isa = PBXFileReference; includeInIndex = 1; lastKnownFileType = sourcecode.c.h; path = StationsListModuleViewController.h; sourceTree = "<group>"; };
		B060A446210EED65E52F35CD /* DatePickModuleModuleInput.h */ = {isa = PBXFileReference; includeInIndex = 1; lastKnownFileType = sourcecode.c.h; path = DatePickModuleModuleInput.h; sourceTree = "<group>"; };
		B3B4992C6EDC5651BE496D9F /* DatePickModuleInteractor.m */ = {isa = PBXFileReference; includeInIndex = 1; lastKnownFileType = sourcecode.c.objc; path = DatePickModuleInteractor.m; sourceTree = "<group>"; };
		B3C5F56463A9F3E8838A410B /* StationDetailInfoModuleInteractorOutput.h */ = {isa = PBXFileReference; includeInIndex = 1; lastKnownFileType = sourcecode.c.h; path = StationDetailInfoModuleInteractorOutput.h; sourceTree = "<group>"; };
		B49AC83AA12726A9C72644D1 /* StationsListModuleRouter.h */ = {isa = PBXFileReference; includeInIndex = 1; lastKnownFileType = sourcecode.c.h; path = StationsListModuleRouter.h; sourceTree = "<group>"; };
		B7132392DF26CF6E404A8EB6 /* TripSettingModulePresenter.m */ = {isa = PBXFileReference; includeInIndex = 1; lastKnownFileType = sourcecode.c.objc; path = TripSettingModulePresenter.m; sourceTree = "<group>"; };
		C4DAC4E36051A794DF5B50F9 /* StationsListModuleAssembly.h */ = {isa = PBXFileReference; includeInIndex = 1; lastKnownFileType = sourcecode.c.h; path = StationsListModuleAssembly.h; sourceTree = "<group>"; };
		CA9E7BBF9CF20A276F992EDF /* DatePickModuleInteractorInput.h */ = {isa = PBXFileReference; includeInIndex = 1; lastKnownFileType = sourcecode.c.h; path = DatePickModuleInteractorInput.h; sourceTree = "<group>"; };
		CE0C5720AB412579A087EF64 /* DatePickModuleViewController.h */ = {isa = PBXFileReference; includeInIndex = 1; lastKnownFileType = sourcecode.c.h; path = DatePickModuleViewController.h; sourceTree = "<group>"; };
		D3A2F5A33F9C350DB4E7E8B5 /* TripSettingModuleModuleInput.h */ = {isa = PBXFileReference; includeInIndex = 1; lastKnownFileType = sourcecode.c.h; path = TripSettingModuleModuleInput.h; sourceTree = "<group>"; };
		D6CA64114F426A3ADC118ABE /* TripSettingModuleInteractorOutput.h */ = {isa = PBXFileReference; includeInIndex = 1; lastKnownFileType = sourcecode.c.h; path = TripSettingModuleInteractorOutput.h; sourceTree = "<group>"; };
		DDE48E0E21ABF5EE0BA8980B /* TripSettingModuleViewController.m */ = {isa = PBXFileReference; includeInIndex = 1; lastKnownFileType = sourcecode.c.objc; path = TripSettingModuleViewController.m; sourceTree = "<group>"; };
		E115396BE79841778BE83F70 /* DatePickModulePresenter.m */ = {isa = PBXFileReference; includeInIndex = 1; lastKnownFileType = sourcecode.c.objc; path = DatePickModulePresenter.m; sourceTree = "<group>"; };
		E26310D8817245041CB5DDE4 /* StationsListModulePresenter.m */ = {isa = PBXFileReference; includeInIndex = 1; lastKnownFileType = sourcecode.c.objc; path = StationsListModulePresenter.m; sourceTree = "<group>"; };
		E9A037812C51CF8F19DD1A7B /* TripSettingModuleViewController.h */ = {isa = PBXFileReference; includeInIndex = 1; lastKnownFileType = sourcecode.c.h; path = TripSettingModuleViewController.h; sourceTree = "<group>"; };
		EDE88492D7732A760FDA6FED /* TripSettingModuleRouter.h */ = {isa = PBXFileReference; includeInIndex = 1; lastKnownFileType = sourcecode.c.h; path = TripSettingModuleRouter.h; sourceTree = "<group>"; };
		F00E6B9A50A8AFE3592CC710 /* StationDetailInfoModuleRouter.m */ = {isa = PBXFileReference; includeInIndex = 1; lastKnownFileType = sourcecode.c.objc; path = StationDetailInfoModuleRouter.m; sourceTree = "<group>"; };
		F1161851292CA3DA6AF096DA /* DatePickModuleViewController.m */ = {isa = PBXFileReference; includeInIndex = 1; lastKnownFileType = sourcecode.c.objc; path = DatePickModuleViewController.m; sourceTree = "<group>"; };
		F85CB7434D3CB02A5B9C794B /* DatePickModuleAssembly.m */ = {isa = PBXFileReference; includeInIndex = 1; lastKnownFileType = sourcecode.c.objc; path = DatePickModuleAssembly.m; sourceTree = "<group>"; };
		FD77AFFCC89AA045260A4EE6 /* StationDetailInfoModuleInteractor.m */ = {isa = PBXFileReference; includeInIndex = 1; lastKnownFileType = sourcecode.c.objc; path = StationDetailInfoModuleInteractor.m; sourceTree = "<group>"; };
/* End PBXFileReference section */

/* Begin PBXFrameworksBuildPhase section */
		5C334E8B1DBBE8B4000C6B8B /* Frameworks */ = {
			isa = PBXFrameworksBuildPhase;
			buildActionMask = 2147483647;
			files = (
				F4ED42A80224F4AA6E44D375 /* libPods-tutu.a in Frameworks */,
			);
			runOnlyForDeploymentPostprocessing = 0;
		};
/* End PBXFrameworksBuildPhase section */

/* Begin PBXGroup section */
		0733564931B1AD0DA4E18E78 /* StationDetailInfoModule */ = {
			isa = PBXGroup;
			children = (
				5C334EF31DBD212D000C6B8B /* Storyboard */,
				5D1A5C90C4CF14BF789FC532 /* Assembly */,
				76368D65F097A6DC0E9BA804 /* View */,
				79A80C60A7196CA5A3CBE438 /* Presenter */,
				716FC46C6D367FE13E4E6CF0 /* Interactor */,
				CFFEE4CBE8437699399DC0C1 /* Router */,
			);
			path = StationDetailInfoModule;
			sourceTree = "<group>";
		};
		0837487A6731791FAD60B32A /* Interactor */ = {
			isa = PBXGroup;
			children = (
				5C334EBF1DBBFC13000C6B8B /* DataManager */,
				5C334EBE1DBBFC0E000C6B8B /* Mapper */,
				66A251214C6135D3A2119C50 /* StationsListModuleInteractorInput.h */,
				5E9CE7DEB112E5674D61E565 /* StationsListModuleInteractorOutput.h */,
				68D8263EAA43CA49927C2348 /* StationsListModuleInteractor.h */,
				635F56E52F7AD07B0A75F316 /* StationsListModuleInteractor.m */,
			);
			path = Interactor;
			sourceTree = "<group>";
		};
		101E5A3DD875F2F9C36843FE /* View */ = {
			isa = PBXGroup;
			children = (
				2053B32963FD8FD6D6188A0A /* DatePickModuleViewInput.h */,
				3E12FC3B8BECDFE0CF987D9D /* DatePickModuleViewOutput.h */,
				CE0C5720AB412579A087EF64 /* DatePickModuleViewController.h */,
				F1161851292CA3DA6AF096DA /* DatePickModuleViewController.m */,
			);
			path = View;
			sourceTree = "<group>";
		};
		17E665E8FF70C12C3D6F9CD5 /* Router */ = {
			isa = PBXGroup;
			children = (
				38D1D87286A98437C94B874A /* TripSettingModuleRouterInput.h */,
				EDE88492D7732A760FDA6FED /* TripSettingModuleRouter.h */,
				27F232F5206CEA8BF1E44D06 /* TripSettingModuleRouter.m */,
			);
			path = Router;
			sourceTree = "<group>";
		};
		3200496638ADEABB1AEDB6D2 /* Presenter */ = {
			isa = PBXGroup;
			children = (
				5C334ECA1DBCDC24000C6B8B /* PresenterStateStorage */,
				5C334EB41DBBF4E0000C6B8B /* Display Data */,
				1949A19FF40D48CAD7E76962 /* StationsListModuleModuleInput.h */,
				2C09868BC8175625FE20CFF2 /* StationsListModulePresenter.h */,
				E26310D8817245041CB5DDE4 /* StationsListModulePresenter.m */,
				5C714AFD1DBE98A400C85060 /* StationsListModuleModuleOutput.h */,
			);
			path = Presenter;
			sourceTree = "<group>";
		};
		39E068B1BDA2CD3F845E71BD /* Assembly */ = {
			isa = PBXGroup;
			children = (
				1C7F649C123D762D65394AF8 /* DatePickModuleAssembly.h */,
				F85CB7434D3CB02A5B9C794B /* DatePickModuleAssembly.m */,
			);
			path = Assembly;
			sourceTree = "<group>";
		};
		3C80F4F2888FE1FADF510228 /* View */ = {
			isa = PBXGroup;
			children = (
				87837E2ED11458261B7D4D72 /* TripSettingModuleViewInput.h */,
				60730E3BD51FD143AEF27615 /* TripSettingModuleViewOutput.h */,
				E9A037812C51CF8F19DD1A7B /* TripSettingModuleViewController.h */,
				DDE48E0E21ABF5EE0BA8980B /* TripSettingModuleViewController.m */,
			);
			path = View;
			sourceTree = "<group>";
		};
		48C6698843BC9D0DFB0C232A /* Classes */ = {
			isa = PBXGroup;
			children = (
				7B860D56470F4CC9EE1936EF /* Modules */,
			);
			path = Classes;
			sourceTree = "<group>";
		};
		4956F2054B90A2AA721D43FA /* Router */ = {
			isa = PBXGroup;
			children = (
				028237AEECD5E09792569AEB /* DatePickModuleRouterInput.h */,
				041E3B67865F3D9DFB0E21D3 /* DatePickModuleRouter.h */,
				65284BCD95200221ED6925C5 /* DatePickModuleRouter.m */,
			);
			path = Router;
			sourceTree = "<group>";
		};
		4B2BC30BEFB39AB23F803CA4 /* Assembly */ = {
			isa = PBXGroup;
			children = (
				A058BFD585B2B1F8B5CB27D1 /* TripSettingModuleAssembly.h */,
				8E6DFBF4BAF683797B7FFA85 /* TripSettingModuleAssembly.m */,
			);
			path = Assembly;
			sourceTree = "<group>";
		};
		4C6333D88769E3414ED9F178 /* StationsListModule */ = {
			isa = PBXGroup;
			children = (
				5C334EC01DBBFC5E000C6B8B /* Storyboard */,
				916352A95D4B84D16F879BC4 /* Assembly */,
				B53D8D4134B28DDD242AA1E7 /* View */,
				3200496638ADEABB1AEDB6D2 /* Presenter */,
				0837487A6731791FAD60B32A /* Interactor */,
				6052FB6DE85EC258FF31E62C /* Router */,
			);
			path = StationsListModule;
			sourceTree = "<group>";
		};
		5167BD48F2901AA0C74B2537 /* Pods */ = {
			isa = PBXGroup;
			children = (
				50103252A19F9F9A86997FEF /* Pods-tutu.debug.xcconfig */,
				1093B58803108880FF368063 /* Pods-tutu.release.xcconfig */,
			);
			name = Pods;
			sourceTree = "<group>";
		};
		5470A44CCD8DCDBA56E39D76 /* TripSettingModule */ = {
			isa = PBXGroup;
			children = (
				5C334F011DBD504D000C6B8B /* Storyboard */,
				4B2BC30BEFB39AB23F803CA4 /* Assembly */,
				3C80F4F2888FE1FADF510228 /* View */,
				DC5A004244F069C4943872D8 /* Presenter */,
				8DF3DCB0DB17E171676014EC /* Interactor */,
				17E665E8FF70C12C3D6F9CD5 /* Router */,
			);
			path = TripSettingModule;
			sourceTree = "<group>";
		};
		586F834917F106E251538727 /* DatePickModule */ = {
			isa = PBXGroup;
			children = (
				5CE9705A1DBF45FD00838F00 /* Storyboard */,
				39E068B1BDA2CD3F845E71BD /* Assembly */,
				101E5A3DD875F2F9C36843FE /* View */,
				F580709C7819830DFF490F4C /* Presenter */,
				FBDDFC8CCA760B1145BFF8C3 /* Interactor */,
				4956F2054B90A2AA721D43FA /* Router */,
			);
			path = DatePickModule;
			sourceTree = "<group>";
		};
		5C334E851DBBE8B4000C6B8B = {
			isa = PBXGroup;
			children = (
				5C334E901DBBE8B4000C6B8B /* tutu */,
				5C334E8F1DBBE8B4000C6B8B /* Products */,
				5167BD48F2901AA0C74B2537 /* Pods */,
				90F774DDFF7A2C94D5812758 /* Frameworks */,
			);
			sourceTree = "<group>";
		};
		5C334E8F1DBBE8B4000C6B8B /* Products */ = {
			isa = PBXGroup;
			children = (
				5C334E8E1DBBE8B4000C6B8B /* tutu.app */,
			);
			name = Products;
			sourceTree = "<group>";
		};
		5C334E901DBBE8B4000C6B8B /* tutu */ = {
			isa = PBXGroup;
			children = (
				48C6698843BC9D0DFB0C232A /* Classes */,
				5C334EE81DBD05F9000C6B8B /* Resourses */,
				5C334ED41DBCE51E000C6B8B /* Models */,
				5C334EA81DBBEC2D000C6B8B /* Common */,
				5C334E941DBBE8B4000C6B8B /* AppDelegate.h */,
				5C334E951DBBE8B4000C6B8B /* AppDelegate.m */,
				5C334E9A1DBBE8B4000C6B8B /* Main.storyboard */,
				5C334E9D1DBBE8B4000C6B8B /* Assets.xcassets */,
				5C334E9F1DBBE8B4000C6B8B /* LaunchScreen.storyboard */,
				5C334EA21DBBE8B4000C6B8B /* Info.plist */,
				5C334E911DBBE8B4000C6B8B /* Supporting Files */,
			);
			path = tutu;
			sourceTree = "<group>";
		};
		5C334E911DBBE8B4000C6B8B /* Supporting Files */ = {
			isa = PBXGroup;
			children = (
				5C334E921DBBE8B4000C6B8B /* main.m */,
			);
			name = "Supporting Files";
			sourceTree = "<group>";
		};
		5C334EA81DBBEC2D000C6B8B /* Common */ = {
			isa = PBXGroup;
			children = (
				5C334EEC1DBD1C1C000C6B8B /* Categories */,
				5C334EA91DBBEC2D000C6B8B /* TabBarController */,
			);
			path = Common;
			sourceTree = "<group>";
		};
		5C334EA91DBBEC2D000C6B8B /* TabBarController */ = {
			isa = PBXGroup;
			children = (
				5C334EAA1DBBEC51000C6B8B /* EITabBarController.h */,
				5C334EAB1DBBEC51000C6B8B /* EITabBarController.m */,
			);
			path = TabBarController;
			sourceTree = "<group>";
		};
		5C334EAD1DBBED59000C6B8B /* Cells */ = {
			isa = PBXGroup;
			children = (
				5C334EAE1DBBED59000C6B8B /* EIStationCell */,
			);
			path = Cells;
			sourceTree = "<group>";
		};
		5C334EAE1DBBED59000C6B8B /* EIStationCell */ = {
			isa = PBXGroup;
			children = (
				5C334EAF1DBBED72000C6B8B /* EIStationCell.h */,
				5C334EB01DBBED72000C6B8B /* EIStationCell.m */,
				5C334EB11DBBED72000C6B8B /* EIStationCell.xib */,
			);
			path = EIStationCell;
			sourceTree = "<group>";
		};
		5C334EB41DBBF4E0000C6B8B /* Display Data */ = {
			isa = PBXGroup;
			children = (
				5C334EB51DBBF510000C6B8B /* EIStationsDisplayData.h */,
				5C334EB61DBBF510000C6B8B /* EIStationsDisplayData.m */,
				5C334EB81DBBF653000C6B8B /* EIStationsSection.h */,
				5C334EB91DBBF653000C6B8B /* EIStationsSection.m */,
				5C334EBB1DBBF802000C6B8B /* EIStationItem.h */,
				5C334EBC1DBBF802000C6B8B /* EIStationItem.m */,
			);
			path = "Display Data";
			sourceTree = "<group>";
		};
		5C334EBE1DBBFC0E000C6B8B /* Mapper */ = {
			isa = PBXGroup;
			children = (
				5C334EE11DBCE68F000C6B8B /* EIObjectMapper.h */,
				5C334EE21DBCE68F000C6B8B /* EIObjectMapper.m */,
			);
			path = Mapper;
			sourceTree = "<group>";
		};
		5C334EBF1DBBFC13000C6B8B /* DataManager */ = {
			isa = PBXGroup;
			children = (
				5C334ED11DBCE34C000C6B8B /* EIStationListDataManager.h */,
				5C334ED21DBCE34C000C6B8B /* EIStationListDataManager.m */,
			);
			path = DataManager;
			sourceTree = "<group>";
		};
		5C334EC01DBBFC5E000C6B8B /* Storyboard */ = {
			isa = PBXGroup;
			children = (
				5C334EC11DBBFC79000C6B8B /* Stations.storyboard */,
			);
			path = Storyboard;
			sourceTree = "<group>";
		};
		5C334ECA1DBCDC24000C6B8B /* PresenterStateStorage */ = {
			isa = PBXGroup;
			children = (
				5C334ECE1DBCDE7D000C6B8B /* EIStationsListPresenterStateStorage.h */,
				5C334ECF1DBCDE7D000C6B8B /* EIStationsListPresenterStateStorage.m */,
			);
			path = PresenterStateStorage;
			sourceTree = "<group>";
		};
		5C334ED41DBCE51E000C6B8B /* Models */ = {
			isa = PBXGroup;
			children = (
				5C334ED81DBCE552000C6B8B /* EIBaseModel.h */,
				5C334ED91DBCE552000C6B8B /* EIBaseModel.m */,
				5C334EDB1DBCE593000C6B8B /* EICity.h */,
				5C334EDC1DBCE593000C6B8B /* EICity.m */,
				5C334ED51DBCE535000C6B8B /* EIStation.h */,
				5C334ED61DBCE535000C6B8B /* EIStation.m */,
				5C334EDE1DBCE5B8000C6B8B /* EIPoint.h */,
				5C334EDF1DBCE5B8000C6B8B /* EIPoint.m */,
			);
			path = Models;
			sourceTree = "<group>";
		};
		5C334EE81DBD05F9000C6B8B /* Resourses */ = {
			isa = PBXGroup;
			children = (
				5C334EE91DBD05FA000C6B8B /* Data */,
			);
			path = Resourses;
			sourceTree = "<group>";
		};
		5C334EE91DBD05FA000C6B8B /* Data */ = {
			isa = PBXGroup;
			children = (
				5C334EEA1DBD05FA000C6B8B /* allStations.json */,
			);
			path = Data;
			sourceTree = "<group>";
		};
		5C334EEC1DBD1C1C000C6B8B /* Categories */ = {
			isa = PBXGroup;
			children = (
				5C334EF01DBD1DE2000C6B8B /* UIView+UITableViewCell.h */,
				5C334EF11DBD1DE2000C6B8B /* UIView+UITableViewCell.m */,
			);
			path = Categories;
			sourceTree = "<group>";
		};
		5C334EF31DBD212D000C6B8B /* Storyboard */ = {
			isa = PBXGroup;
			children = (
				5C334EF41DBD2151000C6B8B /* DetailInfo.storyboard */,
			);
			path = Storyboard;
			sourceTree = "<group>";
		};
		5C334EF61DBD230D000C6B8B /* PresenterStateStorage */ = {
			isa = PBXGroup;
			children = (
				5C334EF71DBD2324000C6B8B /* EIDetailInfoPresenterStateStorage.h */,
				5C334EF81DBD2324000C6B8B /* EIDetailInfoPresenterStateStorage.m */,
			);
			path = PresenterStateStorage;
			sourceTree = "<group>";
		};
		5C334EFA1DBD23F3000C6B8B /* DisplayData */ = {
			isa = PBXGroup;
			children = (
				5C334EFE1DBD244B000C6B8B /* EIStationDetailItem.h */,
				5C334EFF1DBD244B000C6B8B /* EIStationDetailItem.m */,
			);
			path = DisplayData;
			sourceTree = "<group>";
		};
		5C334F011DBD504D000C6B8B /* Storyboard */ = {
			isa = PBXGroup;
			children = (
				5C334F021DBD5057000C6B8B /* TripSettings.storyboard */,
			);
			path = Storyboard;
			sourceTree = "<group>";
		};
		5C714AFE1DBEA0EE00C85060 /* PresenterStateStorage */ = {
			isa = PBXGroup;
			children = (
				5C714AFF1DBEA10A00C85060 /* TripSettingPresenterStateStorage.h */,
				5C714B001DBEA10A00C85060 /* TripSettingPresenterStateStorage.m */,
			);
			path = PresenterStateStorage;
			sourceTree = "<group>";
		};
		5C9CF56E1DBE62BF006799D6 /* DisplayData */ = {
			isa = PBXGroup;
			children = (
				5C9CF56F1DBE62DC006799D6 /* EITripItem.h */,
				5C9CF5701DBE62DC006799D6 /* EITripItem.m */,
			);
			path = DisplayData;
			sourceTree = "<group>";
		};
		5CE9705A1DBF45FD00838F00 /* Storyboard */ = {
			isa = PBXGroup;
			children = (
				5CE9705B1DBF461400838F00 /* DatePick.storyboard */,
			);
			path = Storyboard;
			sourceTree = "<group>";
		};
		5CE9705D1DBF48F300838F00 /* PresenterStateStorage */ = {
			isa = PBXGroup;
			children = (
				5CE9705E1DBF491200838F00 /* EIDatePickPresenterStateStorage.h */,
				5CE9705F1DBF491200838F00 /* EIDatePickPresenterStateStorage.m */,
			);
			path = PresenterStateStorage;
			sourceTree = "<group>";
		};
		5D1A5C90C4CF14BF789FC532 /* Assembly */ = {
			isa = PBXGroup;
			children = (
				37F8FED4456D2CB6E53B91B3 /* StationDetailInfoModuleAssembly.h */,
				808614B495340FAB89093787 /* StationDetailInfoModuleAssembly.m */,
			);
			path = Assembly;
			sourceTree = "<group>";
		};
		6052FB6DE85EC258FF31E62C /* Router */ = {
			isa = PBXGroup;
			children = (
				2D88282CB40803B96EFFB475 /* StationsListModuleRouterInput.h */,
				B49AC83AA12726A9C72644D1 /* StationsListModuleRouter.h */,
				6DA45F713AEFEF111A45B1E8 /* StationsListModuleRouter.m */,
			);
			path = Router;
			sourceTree = "<group>";
		};
		716FC46C6D367FE13E4E6CF0 /* Interactor */ = {
			isa = PBXGroup;
			children = (
				8A004BFE5E1DC080502151B9 /* StationDetailInfoModuleInteractorInput.h */,
				B3C5F56463A9F3E8838A410B /* StationDetailInfoModuleInteractorOutput.h */,
				A30527114C547E25B54DA863 /* StationDetailInfoModuleInteractor.h */,
				FD77AFFCC89AA045260A4EE6 /* StationDetailInfoModuleInteractor.m */,
			);
			path = Interactor;
			sourceTree = "<group>";
		};
		76368D65F097A6DC0E9BA804 /* View */ = {
			isa = PBXGroup;
			children = (
				8C6D8E76D8E59F68F170A75E /* StationDetailInfoModuleViewInput.h */,
				20AD3D3DE2901B11A213C276 /* StationDetailInfoModuleViewOutput.h */,
				4F9E85681806062481E29B25 /* StationDetailInfoModuleViewController.h */,
				47DF1FC462C895429342EAB3 /* StationDetailInfoModuleViewController.m */,
			);
			path = View;
			sourceTree = "<group>";
		};
		79A80C60A7196CA5A3CBE438 /* Presenter */ = {
			isa = PBXGroup;
			children = (
				5C334EFA1DBD23F3000C6B8B /* DisplayData */,
				5C334EF61DBD230D000C6B8B /* PresenterStateStorage */,
				996C53835E3C6125E35318CD /* StationDetailInfoModuleModuleInput.h */,
				6B383707B3022AE624B1DBD9 /* StationDetailInfoModulePresenter.h */,
				24D823FCA6855239B8F5BE03 /* StationDetailInfoModulePresenter.m */,
			);
			path = Presenter;
			sourceTree = "<group>";
		};
		7B860D56470F4CC9EE1936EF /* Modules */ = {
			isa = PBXGroup;
			children = (
				4C6333D88769E3414ED9F178 /* StationsListModule */,
				5470A44CCD8DCDBA56E39D76 /* TripSettingModule */,
				0733564931B1AD0DA4E18E78 /* StationDetailInfoModule */,
				586F834917F106E251538727 /* DatePickModule */,
			);
			path = Modules;
			sourceTree = "<group>";
		};
		8DF3DCB0DB17E171676014EC /* Interactor */ = {
			isa = PBXGroup;
			children = (
				4454598FB9EFB97419BF3161 /* TripSettingModuleInteractorInput.h */,
				D6CA64114F426A3ADC118ABE /* TripSettingModuleInteractorOutput.h */,
				6B67CBC8F8E930E2066D620A /* TripSettingModuleInteractor.h */,
				5BC650FB0E5B6157BB921156 /* TripSettingModuleInteractor.m */,
			);
			path = Interactor;
			sourceTree = "<group>";
		};
		90F774DDFF7A2C94D5812758 /* Frameworks */ = {
			isa = PBXGroup;
			children = (
				7BA227E5284DBEFD9128F3CE /* libPods-tutu.a */,
			);
			name = Frameworks;
			sourceTree = "<group>";
		};
		916352A95D4B84D16F879BC4 /* Assembly */ = {
			isa = PBXGroup;
			children = (
				C4DAC4E36051A794DF5B50F9 /* StationsListModuleAssembly.h */,
				8544179E9D522B45280ABB23 /* StationsListModuleAssembly.m */,
			);
			path = Assembly;
			sourceTree = "<group>";
		};
		B53D8D4134B28DDD242AA1E7 /* View */ = {
			isa = PBXGroup;
			children = (
				5C334EAD1DBBED59000C6B8B /* Cells */,
				75B5CC04B721FE5D324D70B4 /* StationsListModuleViewInput.h */,
				544984500D93DA105EEF12AD /* StationsListModuleViewOutput.h */,
				A8AB19CF2B9F8A13032D66E5 /* StationsListModuleViewController.h */,
				04F71148D7D641D17D4BC4B9 /* StationsListModuleViewController.m */,
			);
			path = View;
			sourceTree = "<group>";
		};
		CFFEE4CBE8437699399DC0C1 /* Router */ = {
			isa = PBXGroup;
			children = (
				7B51CD110770EF00AD3A37CC /* StationDetailInfoModuleRouterInput.h */,
				96C3BBA1F8EFFDC94C3275FD /* StationDetailInfoModuleRouter.h */,
				F00E6B9A50A8AFE3592CC710 /* StationDetailInfoModuleRouter.m */,
			);
			path = Router;
			sourceTree = "<group>";
		};
		DC5A004244F069C4943872D8 /* Presenter */ = {
			isa = PBXGroup;
			children = (
				5C714AFE1DBEA0EE00C85060 /* PresenterStateStorage */,
				5C9CF56E1DBE62BF006799D6 /* DisplayData */,
				D3A2F5A33F9C350DB4E7E8B5 /* TripSettingModuleModuleInput.h */,
				7E8AF3D7FFA35B0D8711B6FB /* TripSettingModulePresenter.h */,
				B7132392DF26CF6E404A8EB6 /* TripSettingModulePresenter.m */,
			);
			path = Presenter;
			sourceTree = "<group>";
		};
		F580709C7819830DFF490F4C /* Presenter */ = {
			isa = PBXGroup;
			children = (
				5CE9705D1DBF48F300838F00 /* PresenterStateStorage */,
				B060A446210EED65E52F35CD /* DatePickModuleModuleInput.h */,
				5AF5AC02B3B571260B5FC0F6 /* DatePickModulePresenter.h */,
				E115396BE79841778BE83F70 /* DatePickModulePresenter.m */,
				5CE970611DBF4C7E00838F00 /* DatePickModuleModuleOutput.h */,
			);
			path = Presenter;
			sourceTree = "<group>";
		};
		FBDDFC8CCA760B1145BFF8C3 /* Interactor */ = {
			isa = PBXGroup;
			children = (
				CA9E7BBF9CF20A276F992EDF /* DatePickModuleInteractorInput.h */,
				1C38F10F8525A31F20B4E625 /* DatePickModuleInteractorOutput.h */,
				11FC117C0E603FDA5D034D03 /* DatePickModuleInteractor.h */,
				B3B4992C6EDC5651BE496D9F /* DatePickModuleInteractor.m */,
			);
			path = Interactor;
			sourceTree = "<group>";
		};
/* End PBXGroup section */

/* Begin PBXNativeTarget section */
		5C334E8D1DBBE8B4000C6B8B /* tutu */ = {
			isa = PBXNativeTarget;
			buildConfigurationList = 5C334EA51DBBE8B4000C6B8B /* Build configuration list for PBXNativeTarget "tutu" */;
			buildPhases = (
				344AEC84C78BE4CBAF888077 /* [CP] Check Pods Manifest.lock */,
				5C334E8A1DBBE8B4000C6B8B /* Sources */,
				5C334E8B1DBBE8B4000C6B8B /* Frameworks */,
				5C334E8C1DBBE8B4000C6B8B /* Resources */,
				1A5325E5680667DD08B01959 /* [CP] Embed Pods Frameworks */,
				EAB5FC867DD0680DCB264B9E /* [CP] Copy Pods Resources */,
			);
			buildRules = (
			);
			dependencies = (
			);
			name = tutu;
			productName = tutu;
			productReference = 5C334E8E1DBBE8B4000C6B8B /* tutu.app */;
			productType = "com.apple.product-type.application";
		};
/* End PBXNativeTarget section */

/* Begin PBXProject section */
		5C334E861DBBE8B4000C6B8B /* Project object */ = {
			isa = PBXProject;
			attributes = {
				LastUpgradeCheck = 0730;
				ORGANIZATIONNAME = "Евгений Иванов";
				TargetAttributes = {
					5C334E8D1DBBE8B4000C6B8B = {
						CreatedOnToolsVersion = 7.3.1;
					};
				};
			};
			buildConfigurationList = 5C334E891DBBE8B4000C6B8B /* Build configuration list for PBXProject "tutu" */;
			compatibilityVersion = "Xcode 3.2";
			developmentRegion = English;
			hasScannedForEncodings = 0;
			knownRegions = (
				en,
				Base,
			);
			mainGroup = 5C334E851DBBE8B4000C6B8B;
			productRefGroup = 5C334E8F1DBBE8B4000C6B8B /* Products */;
			projectDirPath = "";
			projectRoot = "";
			targets = (
				5C334E8D1DBBE8B4000C6B8B /* tutu */,
			);
		};
/* End PBXProject section */

/* Begin PBXResourcesBuildPhase section */
		5C334E8C1DBBE8B4000C6B8B /* Resources */ = {
			isa = PBXResourcesBuildPhase;
			buildActionMask = 2147483647;
			files = (
				5C334EF51DBD2151000C6B8B /* DetailInfo.storyboard in Resources */,
				5C334EEB1DBD05FA000C6B8B /* allStations.json in Resources */,
				5C334EC21DBBFC79000C6B8B /* Stations.storyboard in Resources */,
				5C334EA11DBBE8B4000C6B8B /* LaunchScreen.storyboard in Resources */,
				5C334E9E1DBBE8B4000C6B8B /* Assets.xcassets in Resources */,
				5C334EB31DBBED72000C6B8B /* EIStationCell.xib in Resources */,
				5CE9705C1DBF461400838F00 /* DatePick.storyboard in Resources */,
				5C334F031DBD5057000C6B8B /* TripSettings.storyboard in Resources */,
				5C334E9C1DBBE8B4000C6B8B /* Main.storyboard in Resources */,
			);
			runOnlyForDeploymentPostprocessing = 0;
		};
/* End PBXResourcesBuildPhase section */

/* Begin PBXShellScriptBuildPhase section */
		1A5325E5680667DD08B01959 /* [CP] Embed Pods Frameworks */ = {
			isa = PBXShellScriptBuildPhase;
			buildActionMask = 2147483647;
			files = (
			);
			inputPaths = (
			);
			name = "[CP] Embed Pods Frameworks";
			outputPaths = (
			);
			runOnlyForDeploymentPostprocessing = 0;
			shellPath = /bin/sh;
			shellScript = "\"${SRCROOT}/Pods/Target Support Files/Pods-tutu/Pods-tutu-frameworks.sh\"\n";
			showEnvVarsInLog = 0;
		};
		344AEC84C78BE4CBAF888077 /* [CP] Check Pods Manifest.lock */ = {
			isa = PBXShellScriptBuildPhase;
			buildActionMask = 2147483647;
			files = (
			);
			inputPaths = (
			);
			name = "[CP] Check Pods Manifest.lock";
			outputPaths = (
			);
			runOnlyForDeploymentPostprocessing = 0;
			shellPath = /bin/sh;
			shellScript = "diff \"${PODS_ROOT}/../Podfile.lock\" \"${PODS_ROOT}/Manifest.lock\" > /dev/null\nif [[ $? != 0 ]] ; then\n    cat << EOM\nerror: The sandbox is not in sync with the Podfile.lock. Run 'pod install' or update your CocoaPods installation.\nEOM\n    exit 1\nfi\n";
			showEnvVarsInLog = 0;
		};
		EAB5FC867DD0680DCB264B9E /* [CP] Copy Pods Resources */ = {
			isa = PBXShellScriptBuildPhase;
			buildActionMask = 2147483647;
			files = (
			);
			inputPaths = (
			);
			name = "[CP] Copy Pods Resources";
			outputPaths = (
			);
			runOnlyForDeploymentPostprocessing = 0;
			shellPath = /bin/sh;
			shellScript = "\"${SRCROOT}/Pods/Target Support Files/Pods-tutu/Pods-tutu-resources.sh\"\n";
			showEnvVarsInLog = 0;
		};
/* End PBXShellScriptBuildPhase section */

/* Begin PBXSourcesBuildPhase section */
		5C334E8A1DBBE8B4000C6B8B /* Sources */ = {
			isa = PBXSourcesBuildPhase;
			buildActionMask = 2147483647;
			files = (
				5C334E961DBBE8B4000C6B8B /* AppDelegate.m in Sources */,
				5C334EF91DBD2324000C6B8B /* EIDetailInfoPresenterStateStorage.m in Sources */,
				5C334EE31DBCE68F000C6B8B /* EIObjectMapper.m in Sources */,
				5C334E931DBBE8B4000C6B8B /* main.m in Sources */,
				5C334ED31DBCE34C000C6B8B /* EIStationListDataManager.m in Sources */,
				5C334ED01DBCDE7D000C6B8B /* EIStationsListPresenterStateStorage.m in Sources */,
				5C334EB21DBBED72000C6B8B /* EIStationCell.m in Sources */,
				5C334EDD1DBCE593000C6B8B /* EICity.m in Sources */,
				5C334F001DBD244B000C6B8B /* EIStationDetailItem.m in Sources */,
				5C334ED71DBCE535000C6B8B /* EIStation.m in Sources */,
				4DE1E458807754A37A453583 /* StationsListModuleAssembly.m in Sources */,
				5C334EBA1DBBF653000C6B8B /* EIStationsSection.m in Sources */,
				5C334EF21DBD1DE2000C6B8B /* UIView+UITableViewCell.m in Sources */,
				5C334EE01DBCE5B8000C6B8B /* EIPoint.m in Sources */,
				5C334EBD1DBBF802000C6B8B /* EIStationItem.m in Sources */,
				5CE970601DBF491200838F00 /* EIDatePickPresenterStateStorage.m in Sources */,
				3F330CF4F8B53DE31E595D73 /* StationsListModuleViewController.m in Sources */,
				58C51912F85E3B37A5865A98 /* StationsListModulePresenter.m in Sources */,
				5C334EAC1DBBEC51000C6B8B /* EITabBarController.m in Sources */,
				9E23CAE2AE46885E22E1C532 /* StationsListModuleInteractor.m in Sources */,
				C46D02D215C4EE1AB8CCB9A3 /* StationsListModuleRouter.m in Sources */,
				5C334EDA1DBCE552000C6B8B /* EIBaseModel.m in Sources */,
				5C334EB71DBBF510000C6B8B /* EIStationsDisplayData.m in Sources */,
				0212DCCACD2BFA809E66BA0F /* TripSettingModuleAssembly.m in Sources */,
				29701B3CA33BCB5B427642CD /* TripSettingModuleViewController.m in Sources */,
				5C714B011DBEA10A00C85060 /* TripSettingPresenterStateStorage.m in Sources */,
				7665CA34A8EF8F2FD1B3326E /* TripSettingModulePresenter.m in Sources */,
				4B7EB5D53844C9ABA955A6C6 /* TripSettingModuleInteractor.m in Sources */,
				B51CE88EA72C7BDC3A9B49C3 /* TripSettingModuleRouter.m in Sources */,
				789F0784EC5464E9E9179C45 /* StationDetailInfoModuleAssembly.m in Sources */,
				F84F4EB8E16C8D26A6C686D3 /* StationDetailInfoModuleViewController.m in Sources */,
				2AC59C12590003FB8735AC06 /* StationDetailInfoModulePresenter.m in Sources */,
				09086D8CF7184C15BA058641 /* StationDetailInfoModuleInteractor.m in Sources */,
				5C9CF5711DBE62DC006799D6 /* EITripItem.m in Sources */,
				37DC19D6F7030A05DE20C35A /* StationDetailInfoModuleRouter.m in Sources */,
				6E8D12327C3CB7EDBC53F949 /* DatePickModuleAssembly.m in Sources */,
				5F414D747C7DC6874A8E39EB /* DatePickModuleViewController.m in Sources */,
				77CE6C9DFCC3E5905CE71F68 /* DatePickModulePresenter.m in Sources */,
				C4C4F963614BC8C2F7E6AFBD /* DatePickModuleInteractor.m in Sources */,
				353816726E6D238FC3C70905 /* DatePickModuleRouter.m in Sources */,
			);
			runOnlyForDeploymentPostprocessing = 0;
		};
/* End PBXSourcesBuildPhase section */

/* Begin PBXVariantGroup section */
		5C334E9A1DBBE8B4000C6B8B /* Main.storyboard */ = {
			isa = PBXVariantGroup;
			children = (
				5C334E9B1DBBE8B4000C6B8B /* Base */,
			);
			name = Main.storyboard;
			sourceTree = "<group>";
		};
		5C334E9F1DBBE8B4000C6B8B /* LaunchScreen.storyboard */ = {
			isa = PBXVariantGroup;
			children = (
				5C334EA01DBBE8B4000C6B8B /* Base */,
			);
			name = LaunchScreen.storyboard;
			sourceTree = "<group>";
		};
/* End PBXVariantGroup section */

/* Begin XCBuildConfiguration section */
		5C334EA31DBBE8B4000C6B8B /* Debug */ = {
			isa = XCBuildConfiguration;
			buildSettings = {
				ALWAYS_SEARCH_USER_PATHS = NO;
				CLANG_ANALYZER_NONNULL = YES;
				CLANG_CXX_LANGUAGE_STANDARD = "gnu++0x";
				CLANG_CXX_LIBRARY = "libc++";
				CLANG_ENABLE_MODULES = YES;
				CLANG_ENABLE_OBJC_ARC = YES;
				CLANG_WARN_BOOL_CONVERSION = YES;
				CLANG_WARN_CONSTANT_CONVERSION = YES;
				CLANG_WARN_DIRECT_OBJC_ISA_USAGE = YES_ERROR;
				CLANG_WARN_EMPTY_BODY = YES;
				CLANG_WARN_ENUM_CONVERSION = YES;
				CLANG_WARN_INT_CONVERSION = YES;
				CLANG_WARN_OBJC_ROOT_CLASS = YES_ERROR;
				CLANG_WARN_UNREACHABLE_CODE = YES;
				CLANG_WARN__DUPLICATE_METHOD_MATCH = YES;
				"CODE_SIGN_IDENTITY[sdk=iphoneos*]" = "iPhone Developer";
				COPY_PHASE_STRIP = NO;
				DEBUG_INFORMATION_FORMAT = dwarf;
				ENABLE_STRICT_OBJC_MSGSEND = YES;
				ENABLE_TESTABILITY = YES;
				GCC_C_LANGUAGE_STANDARD = gnu99;
				GCC_DYNAMIC_NO_PIC = NO;
				GCC_NO_COMMON_BLOCKS = YES;
				GCC_OPTIMIZATION_LEVEL = 0;
				GCC_PREPROCESSOR_DEFINITIONS = (
					"DEBUG=1",
					"$(inherited)",
				);
				GCC_WARN_64_TO_32_BIT_CONVERSION = YES;
				GCC_WARN_ABOUT_RETURN_TYPE = YES_ERROR;
				GCC_WARN_UNDECLARED_SELECTOR = YES;
				GCC_WARN_UNINITIALIZED_AUTOS = YES_AGGRESSIVE;
				GCC_WARN_UNUSED_FUNCTION = YES;
				GCC_WARN_UNUSED_VARIABLE = YES;
				IPHONEOS_DEPLOYMENT_TARGET = 9.3;
				MTL_ENABLE_DEBUG_INFO = YES;
				ONLY_ACTIVE_ARCH = YES;
				SDKROOT = iphoneos;
			};
			name = Debug;
		};
		5C334EA41DBBE8B4000C6B8B /* Release */ = {
			isa = XCBuildConfiguration;
			buildSettings = {
				ALWAYS_SEARCH_USER_PATHS = NO;
				CLANG_ANALYZER_NONNULL = YES;
				CLANG_CXX_LANGUAGE_STANDARD = "gnu++0x";
				CLANG_CXX_LIBRARY = "libc++";
				CLANG_ENABLE_MODULES = YES;
				CLANG_ENABLE_OBJC_ARC = YES;
				CLANG_WARN_BOOL_CONVERSION = YES;
				CLANG_WARN_CONSTANT_CONVERSION = YES;
				CLANG_WARN_DIRECT_OBJC_ISA_USAGE = YES_ERROR;
				CLANG_WARN_EMPTY_BODY = YES;
				CLANG_WARN_ENUM_CONVERSION = YES;
				CLANG_WARN_INT_CONVERSION = YES;
				CLANG_WARN_OBJC_ROOT_CLASS = YES_ERROR;
				CLANG_WARN_UNREACHABLE_CODE = YES;
				CLANG_WARN__DUPLICATE_METHOD_MATCH = YES;
				"CODE_SIGN_IDENTITY[sdk=iphoneos*]" = "iPhone Developer";
				COPY_PHASE_STRIP = NO;
				DEBUG_INFORMATION_FORMAT = "dwarf-with-dsym";
				ENABLE_NS_ASSERTIONS = NO;
				ENABLE_STRICT_OBJC_MSGSEND = YES;
				GCC_C_LANGUAGE_STANDARD = gnu99;
				GCC_NO_COMMON_BLOCKS = YES;
				GCC_WARN_64_TO_32_BIT_CONVERSION = YES;
				GCC_WARN_ABOUT_RETURN_TYPE = YES_ERROR;
				GCC_WARN_UNDECLARED_SELECTOR = YES;
				GCC_WARN_UNINITIALIZED_AUTOS = YES_AGGRESSIVE;
				GCC_WARN_UNUSED_FUNCTION = YES;
				GCC_WARN_UNUSED_VARIABLE = YES;
				IPHONEOS_DEPLOYMENT_TARGET = 9.3;
				MTL_ENABLE_DEBUG_INFO = NO;
				SDKROOT = iphoneos;
				VALIDATE_PRODUCT = YES;
			};
			name = Release;
		};
		5C334EA61DBBE8B4000C6B8B /* Debug */ = {
			isa = XCBuildConfiguration;
			baseConfigurationReference = 50103252A19F9F9A86997FEF /* Pods-tutu.debug.xcconfig */;
			buildSettings = {
				ASSETCATALOG_COMPILER_APPICON_NAME = AppIcon;
				INFOPLIST_FILE = tutu/Info.plist;
				LD_RUNPATH_SEARCH_PATHS = "$(inherited) @executable_path/Frameworks";
				PRODUCT_BUNDLE_IDENTIFIER = com.evg.tutu;
				PRODUCT_NAME = "$(TARGET_NAME)";
			};
			name = Debug;
		};
		5C334EA71DBBE8B4000C6B8B /* Release */ = {
			isa = XCBuildConfiguration;
			baseConfigurationReference = 1093B58803108880FF368063 /* Pods-tutu.release.xcconfig */;
			buildSettings = {
				ASSETCATALOG_COMPILER_APPICON_NAME = AppIcon;
				INFOPLIST_FILE = tutu/Info.plist;
				LD_RUNPATH_SEARCH_PATHS = "$(inherited) @executable_path/Frameworks";
				PRODUCT_BUNDLE_IDENTIFIER = com.evg.tutu;
				PRODUCT_NAME = "$(TARGET_NAME)";
			};
			name = Release;
		};
/* End XCBuildConfiguration section */

/* Begin XCConfigurationList section */
		5C334E891DBBE8B4000C6B8B /* Build configuration list for PBXProject "tutu" */ = {
			isa = XCConfigurationList;
			buildConfigurations = (
				5C334EA31DBBE8B4000C6B8B /* Debug */,
				5C334EA41DBBE8B4000C6B8B /* Release */,
			);
			defaultConfigurationIsVisible = 0;
			defaultConfigurationName = Release;
		};
		5C334EA51DBBE8B4000C6B8B /* Build configuration list for PBXNativeTarget "tutu" */ = {
			isa = XCConfigurationList;
			buildConfigurations = (
				5C334EA61DBBE8B4000C6B8B /* Debug */,
				5C334EA71DBBE8B4000C6B8B /* Release */,
			);
			defaultConfigurationIsVisible = 0;
			defaultConfigurationName = Release;
		};
/* End XCConfigurationList section */
	};
	rootObject = 5C334E861DBBE8B4000C6B8B /* Project object */;
}
